19134dba4e7c31e62fa47476a12e18575027fbbeddf70860a4b1bc7c6e990176  CLAUDE.md
a5666f8462617c945595e25e30540f153278fd6b90a712ed06003c2178c764d3  .claude/scripts/add-decision.sh
fe79cfe3d1b6906cadd070ec8b48f3fd3ed4bb0effff86d1ae7959b0f20b8c72  .claude/scripts/add-pattern.sh
635dfd70bf093765f960396bc15c802226a25ffb4d0b1e4c88e86e3761164c02  .claude/scripts/add-task.sh
6e56e7bdaf637505993babc6f6e304a27dc97841e7639c9df3accb8ecbe7f2ce  .claude/scripts/audit-memory.sh
d1a7b44410381a5e7bbcefcda6c0364875096d52253f458b8a4a7e37353da78d  .claude/scripts/calculate-project-size.sh
481de435d2d15af3add1152c720d7ccd30eb328c55e144536a19bb7a504baaaa  .claude/scripts/detect-skills.sh
1006e43aa57587bf6aa9152e9eaeb9ff815e2aa4ef54b4b517848fbeb609f634  .claude/scripts/export-dashboard-data.js
ccb9412ed8778e6eb6544f44a5f198adce834aef297f31f478571b5dc6b50e9f  .claude/scripts/generate-central-compose.sh
75e96bb4b1cadcc874ad721e78d1f38071c3b35902fcc669724069ea80f535a9  .claude/scripts/generate-integrity-lock.sh
dc42c762a46e1e2d2ea2b77926faedb9db4efed47f2c187eff44ffeef39aedc0  .claude/scripts/increment-safety-metric.sh
586f5959fc25b642ff1fa90186b3b321af60406965a647b17d761e5835236630  .claude/scripts/integrity-check.sh
a078e88a3522f93197fa8072622174a552ed32df90558caebd279d17544de389  .claude/scripts/memory-self-assessment.sh
a753fbd8285684efe85a196f8878562a10ff5fcf06aac3c283e1deab8084ade5  .claude/scripts/memory-stats.sh
530c23d9f16df814efb0af51755f0c19698bcf0afca864bc16a780f195ead29b  .claude/scripts/on-bash-change.sh
97f6a3472638954bb3bb0bc4f33b3cea92064b1b7a92ea473becb54800f123b4  .claude/scripts/on-file-change.sh
4ddf0e851f73c4be7b988b6f2a3e40d5520d43a27d433d6c66bb230670d59d66  .claude/scripts/on-file-write-verification.sh
a4e8ed6d6137e818e872053fcf03e4067be2824d48f2bfb279433823b7b7c17b  .claude/scripts/on-loop-detected.sh
acf219692b7ee3f760e3a9e7492d5dcaa1d55c9f66516768c41b630966eefb5b  .claude/scripts/on-plan-mode.sh
ec806c567fc4ddb1d79b962374b9656ff69b03136064857cfdf09079b97270d4  .claude/scripts/on-session-stop.sh
8842ccecc0165b98421f41d3bcaa6eb36661fbf4e3dd289e5184b14670dfb41c  .claude/scripts/on-session-stop-summary.sh
554a4bf9f387e238b89b03ca0ebdd43690a71871878cb73d6e5de9b916bd9c6d  .claude/scripts/on-user-prompt.sh
4f3232ce92c8c446c6a12d009f6be35ca63f609e278a8dce44231d3c0d81b3be  .claude/scripts/quick-dashboard.sh
24d0ed0fc46bbaab435fe34d44dfd5d81925bb340b5cde78fade96d607a0b84d  .claude/scripts/serve-dashboard.js
3388e3371be82f2b7988acf3d80d4958529de231989163cf60ed466992b3c653  .claude/scripts/start-dashboard.sh
f7c435519c89498e804b4d5458ba864fd2c43a2a08f176e07e45eae62193e9b7  .claude/scripts/track-usage.sh
c5a133d58b77c1f26b27ca3c0e1d1d1b0dd853dbd37b652ef3567632e228a2f2  .claude/scripts/update-context.sh
f3162866c77f30ba8445dd24121c95bef857af3e88d5cd7a74e8016ee729dfe0  .claude/scripts/update-dashboard.sh
d94817c0ace4f2953c5ad9732f2ecda38ba9dbb7498b610625e56ef82ee7ff2d  .claude/scripts/update-memory.sh
9201e4569d1cbeb2209a2d6b92e6f9c978b556ef5c32147afa6230195183a99c  .claude/scripts/update-metrics.sh
6f063becc1f6e9a36e639d71a3a1b29bd8b81d6d5553c89b304509c2d3b155c5  .claude/scripts/update-pattern-suggestions.sh
6c4cd2c15d8e6632301e4c359019fca40a09fe53529d98ebf1739d08dc219349  .claude/scripts/update-project-metrics.sh
27253a7703ac987487e43850f0a963ea33607eec8d70cb527d8742038caf03fa  .claude/scripts/update-trend-predictions.sh
013de61ff4067fed13fd4fa97fa112c8d012ff5e261c5d0aff03c0af31db0054  .claude/settings.local.json
